
Microsoft Visual Studio Solution File, Format Version 12.00
# Visual Studio Version 17
VisualStudioVersion = 17.14.36301.6 d17.14
MinimumVisualStudioVersion = 10.0.40219.1
Project("{C7167F0D-BC9F-4E6E-AFE1-012C56B48DB5}") = "Chapter 8 (Package)", "Chapter 8\Chapter 8 (Package)\Chapter 8 (Package).wapproj", "{57B1D860-FD6C-4745-BD27-45DB6A580099}"
EndProject
Project("{FAE04EC0-301F-11D3-BF4B-00C04F79EFBC}") = "Chapter 8", "Chapter 8\Chapter 8\Chapter 8.csproj", "{7472D6CD-6F7F-487B-ADAE-30283E516074}"
EndProject
Global
	GlobalSection(SolutionConfigurationPlatforms) = preSolution
		Debug|ARM64 = Debug|ARM64
		Debug|x64 = Debug|x64
		Debug|x86 = Debug|x86
		Release|ARM64 = Release|ARM64
		Release|x64 = Release|x64
		Release|x86 = Release|x86
	EndGlobalSection
	GlobalSection(ProjectConfigurationPlatforms) = postSolution
		{57B1D860-FD6C-4745-BD27-45DB6A580099}.Debug|ARM64.ActiveCfg = Debug|ARM64
		{57B1D860-FD6C-4745-BD27-45DB6A580099}.Debug|ARM64.Build.0 = Debug|ARM64
		{57B1D860-FD6C-4745-BD27-45DB6A580099}.Debug|ARM64.Deploy.0 = Debug|ARM64
		{57B1D860-FD6C-4745-BD27-45DB6A580099}.Debug|x64.ActiveCfg = Debug|x64
		{57B1D860-FD6C-4745-BD27-45DB6A580099}.Debug|x64.Build.0 = Debug|x64
		{57B1D860-FD6C-4745-BD27-45DB6A580099}.Debug|x64.Deploy.0 = Debug|x64
		{57B1D860-FD6C-4745-BD27-45DB6A580099}.Debug|x86.ActiveCfg = Debug|x86
		{57B1D860-FD6C-4745-BD27-45DB6A580099}.Debug|x86.Build.0 = Debug|x86
		{57B1D860-FD6C-4745-BD27-45DB6A580099}.Debug|x86.Deploy.0 = Debug|x86
		{57B1D860-FD6C-4745-BD27-45DB6A580099}.Release|ARM64.ActiveCfg = Release|ARM64
		{57B1D860-FD6C-4745-BD27-45DB6A580099}.Release|ARM64.Build.0 = Release|ARM64
		{57B1D860-FD6C-4745-BD27-45DB6A580099}.Release|ARM64.Deploy.0 = Release|ARM64
		{57B1D860-FD6C-4745-BD27-45DB6A580099}.Release|x64.ActiveCfg = Release|x64
		{57B1D860-FD6C-4745-BD27-45DB6A580099}.Release|x64.Build.0 = Release|x64
		{57B1D860-FD6C-4745-BD27-45DB6A580099}.Release|x64.Deploy.0 = Release|x64
		{57B1D860-FD6C-4745-BD27-45DB6A580099}.Release|x86.ActiveCfg = Release|x86
		{57B1D860-FD6C-4745-BD27-45DB6A580099}.Release|x86.Build.0 = Release|x86
		{57B1D860-FD6C-4745-BD27-45DB6A580099}.Release|x86.Deploy.0 = Release|x86
		{7472D6CD-6F7F-487B-ADAE-30283E516074}.Debug|ARM64.ActiveCfg = Debug|ARM64
		{7472D6CD-6F7F-487B-ADAE-30283E516074}.Debug|ARM64.Build.0 = Debug|ARM64
		{7472D6CD-6F7F-487B-ADAE-30283E516074}.Debug|x64.ActiveCfg = Debug|x64
		{7472D6CD-6F7F-487B-ADAE-30283E516074}.Debug|x64.Build.0 = Debug|x64
		{7472D6CD-6F7F-487B-ADAE-30283E516074}.Debug|x86.ActiveCfg = Debug|x86
		{7472D6CD-6F7F-487B-ADAE-30283E516074}.Debug|x86.Build.0 = Debug|x86
		{7472D6CD-6F7F-487B-ADAE-30283E516074}.Release|ARM64.ActiveCfg = Release|ARM64
		{7472D6CD-6F7F-487B-ADAE-30283E516074}.Release|ARM64.Build.0 = Release|ARM64
		{7472D6CD-6F7F-487B-ADAE-30283E516074}.Release|x64.ActiveCfg = Release|x64
		{7472D6CD-6F7F-487B-ADAE-30283E516074}.Release|x64.Build.0 = Release|x64
		{7472D6CD-6F7F-487B-ADAE-30283E516074}.Release|x86.ActiveCfg = Release|x86
		{7472D6CD-6F7F-487B-ADAE-30283E516074}.Release|x86.Build.0 = Release|x86
	EndGlobalSection
	GlobalSection(SolutionProperties) = preSolution
		HideSolutionNode = FALSE
	EndGlobalSection
	GlobalSection(ExtensibilityGlobals) = postSolution
		SolutionGuid = {64868E0E-6E0D-4258-A778-3EDAF3A937E7}
	EndGlobalSection
EndGlobal
